
Microsoft Visual Studio Solution File, Format Version 12.00
# Visual Studio Version 17
VisualStudioVersion = 17.9.34728.123
MinimumVisualStudioVersion = 10.0.40219.1
Project("{FAE04EC0-301F-11D3-BF4B-00C04F79EFBC}") = "EmpProfileMatrixAPP.Server", "EmpProfileMatrixAPP.Server\EmpProfileMatrixAPP.Server.csproj", "{709A4332-C0CE-47BA-8D16-DE61F89A203E}"
EndProject
Project("{54A90642-561A-4BB1-A94E-469ADEE60C69}") = "empprofilematrixapp.client", "empprofilematrixapp.client\empprofilematrixapp.client.esproj", "{AC4E9071-A782-4C02-8007-EB79D8D223B6}"
EndProject
Global
	GlobalSection(SolutionConfigurationPlatforms) = preSolution
		Debug|Any CPU = Debug|Any CPU
		Release|Any CPU = Release|Any CPU
	EndGlobalSection
	GlobalSection(ProjectConfigurationPlatforms) = postSolution
		{709A4332-C0CE-47BA-8D16-DE61F89A203E}.Debug|Any CPU.ActiveCfg = Debug|Any CPU
		{709A4332-C0CE-47BA-8D16-DE61F89A203E}.Debug|Any CPU.Build.0 = Debug|Any CPU
		{709A4332-C0CE-47BA-8D16-DE61F89A203E}.Release|Any CPU.ActiveCfg = Release|Any CPU
		{709A4332-C0CE-47BA-8D16-DE61F89A203E}.Release|Any CPU.Build.0 = Release|Any CPU
		{AC4E9071-A782-4C02-8007-EB79D8D223B6}.Debug|Any CPU.ActiveCfg = Debug|Any CPU
		{AC4E9071-A782-4C02-8007-EB79D8D223B6}.Debug|Any CPU.Build.0 = Debug|Any CPU
		{AC4E9071-A782-4C02-8007-EB79D8D223B6}.Debug|Any CPU.Deploy.0 = Debug|Any CPU
		{AC4E9071-A782-4C02-8007-EB79D8D223B6}.Release|Any CPU.ActiveCfg = Release|Any CPU
		{AC4E9071-A782-4C02-8007-EB79D8D223B6}.Release|Any CPU.Build.0 = Release|Any CPU
		{AC4E9071-A782-4C02-8007-EB79D8D223B6}.Release|Any CPU.Deploy.0 = Release|Any CPU
	EndGlobalSection
	GlobalSection(SolutionProperties) = preSolution
		HideSolutionNode = FALSE
	EndGlobalSection
	GlobalSection(ExtensibilityGlobals) = postSolution
		SolutionGuid = {6F856779-7EF7-4483-A85D-5F30F91904A3}
	EndGlobalSection
EndGlobal
